
Microsoft Visual Studio Solution File, Format Version 12.00
# Visual Studio Version 17
VisualStudioVersion = 17.9.34701.34
MinimumVisualStudioVersion = 10.0.40219.1
Project("{9A19103F-16F7-4668-BE54-9A1E7A4F7556}") = "Demo-Login", "Demo-Login.csproj", "{F444A73E-555C-46BE-8122-4CAF53051565}"
EndProject
Global
	GlobalSection(SolutionConfigurationPlatforms) = preSolution
		Debug|Any CPU = Debug|Any CPU
		Release|Any CPU = Release|Any CPU
	EndGlobalSection
	GlobalSection(ProjectConfigurationPlatforms) = postSolution
		{F444A73E-555C-46BE-8122-4CAF53051565}.Debug|Any CPU.ActiveCfg = Debug|Any CPU
		{F444A73E-555C-46BE-8122-4CAF53051565}.Debug|Any CPU.Build.0 = Debug|Any CPU
		{F444A73E-555C-46BE-8122-4CAF53051565}.Release|Any CPU.ActiveCfg = Release|Any CPU
		{F444A73E-555C-46BE-8122-4CAF53051565}.Release|Any CPU.Build.0 = Release|Any CPU
	EndGlobalSection
	GlobalSection(SolutionProperties) = preSolution
		HideSolutionNode = FALSE
	EndGlobalSection
	GlobalSection(ExtensibilityGlobals) = postSolution
		SolutionGuid = {D811DE60-47B2-4BE3-941F-6AC7448C7FAE}
	EndGlobalSection
EndGlobal
